{
    "_readme": [
        "This file locks the dependencies of your project to a known state",
        "Read more about it at https://getcomposer.org/doc/01-basic-usage.md#installing-dependencies",
        "This file is @generated automatically"
    ],
    "content-hash": "47711a934275e51ac1313bf2b5e3ff9d",
    "packages": [
        {
            "name": "synopsie/iriss-command",
            "version": "v2.1.0",
            "source": {
                "type": "git",
                "url": "https://github.com/Synopsie/Iriss-Command.git",
                "reference": "521029f2c7cd9e7212a9385e2accaf6665761fdc"
            },
            "dist": {
                "type": "zip",
                "url": "https://api.github.com/repos/Synopsie/Iriss-Command/zipball/521029f2c7cd9e7212a9385e2accaf6665761fdc",
                "reference": "521029f2c7cd9e7212a9385e2accaf6665761fdc",
                "shasum": ""
            },
            "require": {
                "php": "^8.1"
            },
            "require-dev": {
                "friendsofphp/php-cs-fixer": "^3.60",
                "pocketmine/pocketmine-mp": "^5.17"
            },
            "type": "library",
            "autoload": {
                "psr-4": {
                    "iriss\\": "src/"
                }
            },
            "notification-url": "https://packagist.org/downloads/",
            "license": [
                "MIT"
            ],
            "authors": [
                {
                    "name": "Dumont-Julien",
                    "email": "dumontj357@gmail.com"
                }
            ],
            "description": "API permettant de simplifier l'utilisation des commandes et d'avoir une autocompletion",
            "support": {
                "issues": "https://github.com/Synopsie/Iriss-Command/issues",
                "source": "https://github.com/Synopsie/Iriss-Command/tree/v2.1.0"
            },
            "time": "2024-08-22T14:29:22+00:00"
        }
    ],
    "packages-dev": [],
    "aliases": [],
    "minimum-stability": "stable",
    "stability-flags": [],
    "prefer-stable": false,
    "prefer-lowest": false,
    "platform": [],
    "platform-dev": [],
    "plugin-api-version": "2.3.0"
}
